# This file is autogenerated, do not edit; changes may be undone by the next 'dep ensure'.


[[projects]]
  branch = "feature/lastUpdated"
  name = "github.com/GwentAPI/gwentapi"
  packages = ["dataLayer/models"]
  revision = "9251bd5ddbabde0444a015977dd5b330e72fe809"

[[projects]]
  branch = "v2"
  name = "gopkg.in/mgo.v2"
  packages = ["bson","internal/json"]
  revision = "3f83fa5005286a7fe593b055f0d7771a7dce4655"

[solve-meta]
  analyzer-name = "dep"
  analyzer-version = 1
  inputs-digest = "0638fb490ecf9f390bcfc70a67546813da808ac449efcf66478cab1627dc3182"
  solver-name = "gps-cdcl"
  solver-version = 1
